
Microsoft Visual Studio Solution File, Format Version 12.00
# Visual Studio Version 16
VisualStudioVersion = 16.0.31005.135
MinimumVisualStudioVersion = 10.0.40219.1
Project("{FAE04EC0-301F-11D3-BF4B-00C04F79EFBC}") = "FeedCostAppV1", "FeedCostAppV1\FeedCostAppV1.csproj", "{7CE71114-E6B1-4993-8A30-DE98D1DD4FDD}"
EndProject
Global
	GlobalSection(SolutionConfigurationPlatforms) = preSolution
		Debug|Any CPU = Debug|Any CPU
		Release|Any CPU = Release|Any CPU
	EndGlobalSection
	GlobalSection(ProjectConfigurationPlatforms) = postSolution
		{7CE71114-E6B1-4993-8A30-DE98D1DD4FDD}.Debug|Any CPU.ActiveCfg = Debug|Any CPU
		{7CE71114-E6B1-4993-8A30-DE98D1DD4FDD}.Debug|Any CPU.Build.0 = Debug|Any CPU
		{7CE71114-E6B1-4993-8A30-DE98D1DD4FDD}.Release|Any CPU.ActiveCfg = Release|Any CPU
		{7CE71114-E6B1-4993-8A30-DE98D1DD4FDD}.Release|Any CPU.Build.0 = Release|Any CPU
	EndGlobalSection
	GlobalSection(SolutionProperties) = preSolution
		HideSolutionNode = FALSE
	EndGlobalSection
	GlobalSection(ExtensibilityGlobals) = postSolution
		SolutionGuid = {8FD37341-0D06-47A7-BE05-D86CFB97A94D}
	EndGlobalSection
EndGlobal
